
Microsoft Visual Studio Solution File, Format Version 12.00
# Visual Studio 14
VisualStudioVersion = 14.0.23107.0
MinimumVisualStudioVersion = 10.0.40219.1
Project("{FAE04EC0-301F-11D3-BF4B-00C04F79EFBC}") = "FIFA.Server", "FIFA.Server\FIFA.Server.csproj", "{6C9EE526-DCE9-4B73-BBCE-E0DAE7FF398A}"
EndProject
Project("{FAE04EC0-301F-11D3-BF4B-00C04F79EFBC}") = "FIFA.Server.Tests", "FIFA.Server.Tests\FIFA.Server.Tests.csproj", "{74CE07CD-C624-40AF-B4A6-A3AD229A0353}"
EndProject
Global
	GlobalSection(SolutionConfigurationPlatforms) = preSolution
		Integration|Any CPU = Integration|Any CPU
		Release|Any CPU = Release|Any CPU
		Test|Any CPU = Test|Any CPU
	EndGlobalSection
	GlobalSection(ProjectConfigurationPlatforms) = postSolution
		{6C9EE526-DCE9-4B73-BBCE-E0DAE7FF398A}.Integration|Any CPU.ActiveCfg = Integration|Any CPU
		{6C9EE526-DCE9-4B73-BBCE-E0DAE7FF398A}.Integration|Any CPU.Build.0 = Integration|Any CPU
		{6C9EE526-DCE9-4B73-BBCE-E0DAE7FF398A}.Release|Any CPU.ActiveCfg = Release|Any CPU
		{6C9EE526-DCE9-4B73-BBCE-E0DAE7FF398A}.Release|Any CPU.Build.0 = Release|Any CPU
		{6C9EE526-DCE9-4B73-BBCE-E0DAE7FF398A}.Test|Any CPU.ActiveCfg = Test|Any CPU
		{6C9EE526-DCE9-4B73-BBCE-E0DAE7FF398A}.Test|Any CPU.Build.0 = Test|Any CPU
		{74CE07CD-C624-40AF-B4A6-A3AD229A0353}.Integration|Any CPU.ActiveCfg = Integration|Any CPU
		{74CE07CD-C624-40AF-B4A6-A3AD229A0353}.Integration|Any CPU.Build.0 = Integration|Any CPU
		{74CE07CD-C624-40AF-B4A6-A3AD229A0353}.Release|Any CPU.ActiveCfg = Release|Any CPU
		{74CE07CD-C624-40AF-B4A6-A3AD229A0353}.Release|Any CPU.Build.0 = Release|Any CPU
		{74CE07CD-C624-40AF-B4A6-A3AD229A0353}.Test|Any CPU.ActiveCfg = Test|Any CPU
		{74CE07CD-C624-40AF-B4A6-A3AD229A0353}.Test|Any CPU.Build.0 = Test|Any CPU
	EndGlobalSection
	GlobalSection(SolutionProperties) = preSolution
		HideSolutionNode = FALSE
	EndGlobalSection
EndGlobal
